
Microsoft Visual Studio Solution File, Format Version 12.00
# Visual Studio Version 17
VisualStudioVersion = 17.5.002.0
MinimumVisualStudioVersion = 10.0.40219.1
Project("{9A19103F-16F7-4668-BE54-9A1E7A4F7556}") = "jogo", "jogo\jogo.csproj", "{1C81F0F9-0900-468D-9D84-7EED0462943D}"
EndProject
Global
	GlobalSection(SolutionConfigurationPlatforms) = preSolution
		Debug|Any CPU = Debug|Any CPU
		Release|Any CPU = Release|Any CPU
	EndGlobalSection
	GlobalSection(ProjectConfigurationPlatforms) = postSolution
		{1C81F0F9-0900-468D-9D84-7EED0462943D}.Debug|Any CPU.ActiveCfg = Debug|Any CPU
		{1C81F0F9-0900-468D-9D84-7EED0462943D}.Debug|Any CPU.Build.0 = Debug|Any CPU
		{1C81F0F9-0900-468D-9D84-7EED0462943D}.Release|Any CPU.ActiveCfg = Release|Any CPU
		{1C81F0F9-0900-468D-9D84-7EED0462943D}.Release|Any CPU.Build.0 = Release|Any CPU
	EndGlobalSection
	GlobalSection(SolutionProperties) = preSolution
		HideSolutionNode = FALSE
	EndGlobalSection
	GlobalSection(ExtensibilityGlobals) = postSolution
		SolutionGuid = {50C249DC-6CA1-4DFF-9926-E14037041A52}
	EndGlobalSection
EndGlobal
